
Microsoft Visual Studio Solution File, Format Version 12.00
# Visual Studio Version 17
VisualStudioVersion = 17.0.31903.59
MinimumVisualStudioVersion = 10.0.40219.1
Project("{9A19103F-16F7-4668-BE54-9A1E7A4F7556}") = "WorkFlowManager.Core", "WorkFlowManager.Core\WorkFlowManager.Core.csproj", "{FAAD175F-3A9E-4F10-9DFE-510B86F964A1}"
EndProject
Project("{9A19103F-16F7-4668-BE54-9A1E7A4F7556}") = "Samples.ShoppigCard", "Samples.ShoppigCard\Samples.ShoppigCard.csproj", "{B38AF189-3F4E-4E93-BDFE-30DBEFAA3E4C}"
EndProject
Project("{9A19103F-16F7-4668-BE54-9A1E7A4F7556}") = "Samples.StartupApi", "Samples.StartupApi\Samples.StartupApi.csproj", "{15F17C55-5B7F-452B-9136-683AC9D19573}"
EndProject
Project("{9A19103F-16F7-4668-BE54-9A1E7A4F7556}") = "WorkFlowManager.Service", "WorkFlowManager.Service\WorkFlowManager.Service.csproj", "{9CA5900B-326F-450F-931C-3B37FDF86558}"
EndProject
Project("{9A19103F-16F7-4668-BE54-9A1E7A4F7556}") = "WorkFlowSample.ShoppingCard", "WorkFlowSample.ShoppingCard\WorkFlowSample.ShoppingCard.csproj", "{F2804A63-3998-48C1-A737-82E43F3A287A}"
EndProject
Project("{9A19103F-16F7-4668-BE54-9A1E7A4F7556}") = "Test.Publisher", "Test.Publisher\Test.Publisher.csproj", "{CCA2387F-290A-4BF7-BD67-6F06BEA7DEC7}"
EndProject
Project("{9A19103F-16F7-4668-BE54-9A1E7A4F7556}") = "Test.Consumer1", "Test.Consumer1\Test.Consumer1.csproj", "{284C6808-115E-41C0-946E-398DEBA2AA48}"
EndProject
Project("{9A19103F-16F7-4668-BE54-9A1E7A4F7556}") = "Test.Consumer2", "Test.Consumer2\Test.Consumer2.csproj", "{1A36BA02-54D3-4295-8F7C-C753304029DB}"
EndProject
Project("{FAE04EC0-301F-11D3-BF4B-00C04F79EFBC}") = "RabbitMq.JobHandler", "RabbitMq.JobHandler\RabbitMq.JobHandler.csproj", "{07C80D2C-5BF9-4ADF-916E-225FCCFFA6B7}"
EndProject
Project("{2150E333-8FDC-42A3-9474-1A3956D46DE8}") = "RabbitMq", "RabbitMq", "{80DD8061-A7F6-4560-AB87-E2D54D21F653}"
EndProject
Project("{FAE04EC0-301F-11D3-BF4B-00C04F79EFBC}") = "RabbitMq.JobHandler.Test", "RabbitMq.JobHandler.Test\RabbitMq.JobHandler.Test.csproj", "{A8CB3142-70AA-4232-89D8-4AE897673BD6}"
EndProject
Global
	GlobalSection(SolutionConfigurationPlatforms) = preSolution
		Debug|Any CPU = Debug|Any CPU
		Release|Any CPU = Release|Any CPU
	EndGlobalSection
	GlobalSection(ProjectConfigurationPlatforms) = postSolution
		{FAAD175F-3A9E-4F10-9DFE-510B86F964A1}.Debug|Any CPU.ActiveCfg = Debug|Any CPU
		{FAAD175F-3A9E-4F10-9DFE-510B86F964A1}.Debug|Any CPU.Build.0 = Debug|Any CPU
		{FAAD175F-3A9E-4F10-9DFE-510B86F964A1}.Release|Any CPU.ActiveCfg = Release|Any CPU
		{FAAD175F-3A9E-4F10-9DFE-510B86F964A1}.Release|Any CPU.Build.0 = Release|Any CPU
		{B38AF189-3F4E-4E93-BDFE-30DBEFAA3E4C}.Debug|Any CPU.ActiveCfg = Debug|Any CPU
		{B38AF189-3F4E-4E93-BDFE-30DBEFAA3E4C}.Debug|Any CPU.Build.0 = Debug|Any CPU
		{B38AF189-3F4E-4E93-BDFE-30DBEFAA3E4C}.Release|Any CPU.ActiveCfg = Release|Any CPU
		{B38AF189-3F4E-4E93-BDFE-30DBEFAA3E4C}.Release|Any CPU.Build.0 = Release|Any CPU
		{15F17C55-5B7F-452B-9136-683AC9D19573}.Debug|Any CPU.ActiveCfg = Debug|Any CPU
		{15F17C55-5B7F-452B-9136-683AC9D19573}.Debug|Any CPU.Build.0 = Debug|Any CPU
		{15F17C55-5B7F-452B-9136-683AC9D19573}.Release|Any CPU.ActiveCfg = Release|Any CPU
		{15F17C55-5B7F-452B-9136-683AC9D19573}.Release|Any CPU.Build.0 = Release|Any CPU
		{9CA5900B-326F-450F-931C-3B37FDF86558}.Debug|Any CPU.ActiveCfg = Debug|Any CPU
		{9CA5900B-326F-450F-931C-3B37FDF86558}.Debug|Any CPU.Build.0 = Debug|Any CPU
		{9CA5900B-326F-450F-931C-3B37FDF86558}.Release|Any CPU.ActiveCfg = Release|Any CPU
		{9CA5900B-326F-450F-931C-3B37FDF86558}.Release|Any CPU.Build.0 = Release|Any CPU
		{F2804A63-3998-48C1-A737-82E43F3A287A}.Debug|Any CPU.ActiveCfg = Debug|Any CPU
		{F2804A63-3998-48C1-A737-82E43F3A287A}.Debug|Any CPU.Build.0 = Debug|Any CPU
		{F2804A63-3998-48C1-A737-82E43F3A287A}.Release|Any CPU.ActiveCfg = Release|Any CPU
		{F2804A63-3998-48C1-A737-82E43F3A287A}.Release|Any CPU.Build.0 = Release|Any CPU
		{CCA2387F-290A-4BF7-BD67-6F06BEA7DEC7}.Debug|Any CPU.ActiveCfg = Debug|Any CPU
		{CCA2387F-290A-4BF7-BD67-6F06BEA7DEC7}.Debug|Any CPU.Build.0 = Debug|Any CPU
		{CCA2387F-290A-4BF7-BD67-6F06BEA7DEC7}.Release|Any CPU.ActiveCfg = Release|Any CPU
		{CCA2387F-290A-4BF7-BD67-6F06BEA7DEC7}.Release|Any CPU.Build.0 = Release|Any CPU
		{284C6808-115E-41C0-946E-398DEBA2AA48}.Debug|Any CPU.ActiveCfg = Debug|Any CPU
		{284C6808-115E-41C0-946E-398DEBA2AA48}.Debug|Any CPU.Build.0 = Debug|Any CPU
		{284C6808-115E-41C0-946E-398DEBA2AA48}.Release|Any CPU.ActiveCfg = Release|Any CPU
		{284C6808-115E-41C0-946E-398DEBA2AA48}.Release|Any CPU.Build.0 = Release|Any CPU
		{1A36BA02-54D3-4295-8F7C-C753304029DB}.Debug|Any CPU.ActiveCfg = Debug|Any CPU
		{1A36BA02-54D3-4295-8F7C-C753304029DB}.Debug|Any CPU.Build.0 = Debug|Any CPU
		{1A36BA02-54D3-4295-8F7C-C753304029DB}.Release|Any CPU.ActiveCfg = Release|Any CPU
		{1A36BA02-54D3-4295-8F7C-C753304029DB}.Release|Any CPU.Build.0 = Release|Any CPU
		{07C80D2C-5BF9-4ADF-916E-225FCCFFA6B7}.Debug|Any CPU.ActiveCfg = Debug|Any CPU
		{07C80D2C-5BF9-4ADF-916E-225FCCFFA6B7}.Debug|Any CPU.Build.0 = Debug|Any CPU
		{07C80D2C-5BF9-4ADF-916E-225FCCFFA6B7}.Release|Any CPU.ActiveCfg = Release|Any CPU
		{07C80D2C-5BF9-4ADF-916E-225FCCFFA6B7}.Release|Any CPU.Build.0 = Release|Any CPU
		{A8CB3142-70AA-4232-89D8-4AE897673BD6}.Debug|Any CPU.ActiveCfg = Debug|Any CPU
		{A8CB3142-70AA-4232-89D8-4AE897673BD6}.Debug|Any CPU.Build.0 = Debug|Any CPU
		{A8CB3142-70AA-4232-89D8-4AE897673BD6}.Release|Any CPU.ActiveCfg = Release|Any CPU
		{A8CB3142-70AA-4232-89D8-4AE897673BD6}.Release|Any CPU.Build.0 = Release|Any CPU
	EndGlobalSection
	GlobalSection(SolutionProperties) = preSolution
		HideSolutionNode = FALSE
	EndGlobalSection
	GlobalSection(NestedProjects) = preSolution
		{07C80D2C-5BF9-4ADF-916E-225FCCFFA6B7} = {80DD8061-A7F6-4560-AB87-E2D54D21F653}
		{A8CB3142-70AA-4232-89D8-4AE897673BD6} = {80DD8061-A7F6-4560-AB87-E2D54D21F653}
	EndGlobalSection
	GlobalSection(ExtensibilityGlobals) = postSolution
		SolutionGuid = {5504F7CB-725A-4D1E-9D06-43A0A4E767A6}
	EndGlobalSection
EndGlobal
