
Microsoft Visual Studio Solution File, Format Version 12.00
# Visual Studio Version 17
VisualStudioVersion = 17.0.31903.59
MinimumVisualStudioVersion = 10.0.40219.1
Project("{2150E333-8FDC-42A3-9474-1A3956D46DE8}") = "JobHandler", "JobHandler", "{BBB76384-26FD-48D4-8C7A-1BA9F9E6ACCA}"
EndProject
Project("{9A19103F-16F7-4668-BE54-9A1E7A4F7556}") = "JobHandler.RabbitMq", "JobHandler.RabbitMq\JobHandler.RabbitMq.csproj", "{CCF375F8-60F4-4311-916C-4424B9132556}"
EndProject
Project("{9A19103F-16F7-4668-BE54-9A1E7A4F7556}") = "JobHandler", "JobHandler\JobHandler.csproj", "{7547904A-19FC-4B9C-BE86-6A0E762017D9}"
EndProject
Project("{9A19103F-16F7-4668-BE54-9A1E7A4F7556}") = "JobHandler.Test", "JobHandler.Test\JobHandler.Test.csproj", "{B8DBD41C-786F-4483-8786-04A63D6FB7B3}"
EndProject
Project("{2150E333-8FDC-42A3-9474-1A3956D46DE8}") = "WorkFlowManager", "WorkFlowManager", "{8E2A4EA9-CAEE-4CC9-8206-19248DB19443}"
EndProject
Project("{9A19103F-16F7-4668-BE54-9A1E7A4F7556}") = "WorkFlowManager.Core", "WorkFlowManager.Core\WorkFlowManager.Core.csproj", "{8DCF4FD3-1C42-4BC0-9944-71076303B82C}"
EndProject
Project("{9A19103F-16F7-4668-BE54-9A1E7A4F7556}") = "WorkFlowManager.Client", "WorkFlowManager.Client\WorkFlowManager.Client.csproj", "{7B2C772D-E5B6-482A-9E70-8B1C941569F8}"
EndProject
Project("{2150E333-8FDC-42A3-9474-1A3956D46DE8}") = "Test", "Test", "{1D320398-A209-488B-AE79-3CE91FC4B39B}"
EndProject
Project("{9A19103F-16F7-4668-BE54-9A1E7A4F7556}") = "ShoppingCard", "ShoppingCard\ShoppingCard.csproj", "{6BCFF666-510F-46B8-A629-6F75418C7DDD}"
EndProject
Project("{9A19103F-16F7-4668-BE54-9A1E7A4F7556}") = "ShoppingCard.Test", "ShoppingCard.Test\ShoppingCard.Test.csproj", "{19C6575E-CA91-4A33-8B4B-31ADFF548E83}"
EndProject
Project("{9A19103F-16F7-4668-BE54-9A1E7A4F7556}") = "WorkFlowManager.Api", "WorkFlowManager.Api\WorkFlowManager.Api.csproj", "{28AFE70C-223F-4506-AE8A-323D4A795F4B}"
EndProject
Project("{FAE04EC0-301F-11D3-BF4B-00C04F79EFBC}") = "ShoppingCard.TestConsole", "ShoppingCard.TestConsole\ShoppingCard.TestConsole.csproj", "{04254710-4F5E-4DFD-846F-6273C09CD84F}"
EndProject
Global
	GlobalSection(SolutionConfigurationPlatforms) = preSolution
		Debug|Any CPU = Debug|Any CPU
		Release|Any CPU = Release|Any CPU
	EndGlobalSection
	GlobalSection(ProjectConfigurationPlatforms) = postSolution
		{CCF375F8-60F4-4311-916C-4424B9132556}.Debug|Any CPU.ActiveCfg = Debug|Any CPU
		{CCF375F8-60F4-4311-916C-4424B9132556}.Debug|Any CPU.Build.0 = Debug|Any CPU
		{CCF375F8-60F4-4311-916C-4424B9132556}.Release|Any CPU.ActiveCfg = Release|Any CPU
		{CCF375F8-60F4-4311-916C-4424B9132556}.Release|Any CPU.Build.0 = Release|Any CPU
		{7547904A-19FC-4B9C-BE86-6A0E762017D9}.Debug|Any CPU.ActiveCfg = Debug|Any CPU
		{7547904A-19FC-4B9C-BE86-6A0E762017D9}.Debug|Any CPU.Build.0 = Debug|Any CPU
		{7547904A-19FC-4B9C-BE86-6A0E762017D9}.Release|Any CPU.ActiveCfg = Release|Any CPU
		{7547904A-19FC-4B9C-BE86-6A0E762017D9}.Release|Any CPU.Build.0 = Release|Any CPU
		{B8DBD41C-786F-4483-8786-04A63D6FB7B3}.Debug|Any CPU.ActiveCfg = Debug|Any CPU
		{B8DBD41C-786F-4483-8786-04A63D6FB7B3}.Debug|Any CPU.Build.0 = Debug|Any CPU
		{B8DBD41C-786F-4483-8786-04A63D6FB7B3}.Release|Any CPU.ActiveCfg = Release|Any CPU
		{B8DBD41C-786F-4483-8786-04A63D6FB7B3}.Release|Any CPU.Build.0 = Release|Any CPU
		{8DCF4FD3-1C42-4BC0-9944-71076303B82C}.Debug|Any CPU.ActiveCfg = Debug|Any CPU
		{8DCF4FD3-1C42-4BC0-9944-71076303B82C}.Debug|Any CPU.Build.0 = Debug|Any CPU
		{8DCF4FD3-1C42-4BC0-9944-71076303B82C}.Release|Any CPU.ActiveCfg = Release|Any CPU
		{8DCF4FD3-1C42-4BC0-9944-71076303B82C}.Release|Any CPU.Build.0 = Release|Any CPU
		{7B2C772D-E5B6-482A-9E70-8B1C941569F8}.Debug|Any CPU.ActiveCfg = Debug|Any CPU
		{7B2C772D-E5B6-482A-9E70-8B1C941569F8}.Debug|Any CPU.Build.0 = Debug|Any CPU
		{7B2C772D-E5B6-482A-9E70-8B1C941569F8}.Release|Any CPU.ActiveCfg = Release|Any CPU
		{7B2C772D-E5B6-482A-9E70-8B1C941569F8}.Release|Any CPU.Build.0 = Release|Any CPU
		{6BCFF666-510F-46B8-A629-6F75418C7DDD}.Debug|Any CPU.ActiveCfg = Debug|Any CPU
		{6BCFF666-510F-46B8-A629-6F75418C7DDD}.Debug|Any CPU.Build.0 = Debug|Any CPU
		{6BCFF666-510F-46B8-A629-6F75418C7DDD}.Release|Any CPU.ActiveCfg = Release|Any CPU
		{6BCFF666-510F-46B8-A629-6F75418C7DDD}.Release|Any CPU.Build.0 = Release|Any CPU
		{19C6575E-CA91-4A33-8B4B-31ADFF548E83}.Debug|Any CPU.ActiveCfg = Debug|Any CPU
		{19C6575E-CA91-4A33-8B4B-31ADFF548E83}.Debug|Any CPU.Build.0 = Debug|Any CPU
		{19C6575E-CA91-4A33-8B4B-31ADFF548E83}.Release|Any CPU.ActiveCfg = Release|Any CPU
		{19C6575E-CA91-4A33-8B4B-31ADFF548E83}.Release|Any CPU.Build.0 = Release|Any CPU
		{28AFE70C-223F-4506-AE8A-323D4A795F4B}.Debug|Any CPU.ActiveCfg = Debug|Any CPU
		{28AFE70C-223F-4506-AE8A-323D4A795F4B}.Debug|Any CPU.Build.0 = Debug|Any CPU
		{28AFE70C-223F-4506-AE8A-323D4A795F4B}.Release|Any CPU.ActiveCfg = Release|Any CPU
		{28AFE70C-223F-4506-AE8A-323D4A795F4B}.Release|Any CPU.Build.0 = Release|Any CPU
		{04254710-4F5E-4DFD-846F-6273C09CD84F}.Debug|Any CPU.ActiveCfg = Debug|Any CPU
		{04254710-4F5E-4DFD-846F-6273C09CD84F}.Debug|Any CPU.Build.0 = Debug|Any CPU
		{04254710-4F5E-4DFD-846F-6273C09CD84F}.Release|Any CPU.ActiveCfg = Release|Any CPU
		{04254710-4F5E-4DFD-846F-6273C09CD84F}.Release|Any CPU.Build.0 = Release|Any CPU
	EndGlobalSection
	GlobalSection(SolutionProperties) = preSolution
		HideSolutionNode = FALSE
	EndGlobalSection
	GlobalSection(NestedProjects) = preSolution
		{CCF375F8-60F4-4311-916C-4424B9132556} = {BBB76384-26FD-48D4-8C7A-1BA9F9E6ACCA}
		{7547904A-19FC-4B9C-BE86-6A0E762017D9} = {BBB76384-26FD-48D4-8C7A-1BA9F9E6ACCA}
		{B8DBD41C-786F-4483-8786-04A63D6FB7B3} = {BBB76384-26FD-48D4-8C7A-1BA9F9E6ACCA}
		{8DCF4FD3-1C42-4BC0-9944-71076303B82C} = {8E2A4EA9-CAEE-4CC9-8206-19248DB19443}
		{7B2C772D-E5B6-482A-9E70-8B1C941569F8} = {8E2A4EA9-CAEE-4CC9-8206-19248DB19443}
		{1D320398-A209-488B-AE79-3CE91FC4B39B} = {8E2A4EA9-CAEE-4CC9-8206-19248DB19443}
		{6BCFF666-510F-46B8-A629-6F75418C7DDD} = {1D320398-A209-488B-AE79-3CE91FC4B39B}
		{19C6575E-CA91-4A33-8B4B-31ADFF548E83} = {1D320398-A209-488B-AE79-3CE91FC4B39B}
		{28AFE70C-223F-4506-AE8A-323D4A795F4B} = {8E2A4EA9-CAEE-4CC9-8206-19248DB19443}
		{04254710-4F5E-4DFD-846F-6273C09CD84F} = {1D320398-A209-488B-AE79-3CE91FC4B39B}
	EndGlobalSection
	GlobalSection(ExtensibilityGlobals) = postSolution
		SolutionGuid = {5504F7CB-725A-4D1E-9D06-43A0A4E767A6}
	EndGlobalSection
EndGlobal
